// !$*UTF8*$!
{
	archiveVersion = 1;
	classes = {
	};
	objectVersion = 56;
	objects = {

/* Begin PBXBuildFile section */
		CBB90B8D2D142DE40048716A /* OpenResultsView.swift in Sources */ = {isa = PBXBuildFile; fileRef = CBB90B8C2D142DE40048716A /* OpenResultsView.swift */; };
		CBB90B952D1B062C0048716A /* KalpKrizi.mlmodel in Sources */ = {isa = PBXBuildFile; fileRef = CBB90B942D1B062C0048716A /* KalpKrizi.mlmodel */; };
		CBB90B972D1B124D0048716A /* LandingView.swift in Sources */ = {isa = PBXBuildFile; fileRef = CBB90B962D1B124D0048716A /* LandingView.swift */; };
		CBB90B992D1B12700048716A /* RadioButton.swift in Sources */ = {isa = PBXBuildFile; fileRef = CBB90B982D1B126F0048716A /* RadioButton.swift */; };
		CBBB78852D140DE3001A5FBB /* HealthAppApp.swift in Sources */ = {isa = PBXBuildFile; fileRef = CBBB78842D140DE3001A5FBB /* HealthAppApp.swift */; };
		CBBB78892D140DE5001A5FBB /* Assets.xcassets in Resources */ = {isa = PBXBuildFile; fileRef = CBBB78882D140DE5001A5FBB /* Assets.xcassets */; };
		CBBB788C2D140DE5001A5FBB /* Preview Assets.xcassets in Resources */ = {isa = PBXBuildFile; fileRef = CBBB788B2D140DE5001A5FBB /* Preview Assets.xcassets */; };
		CBBB78932D140E8D001A5FBB /* OpenQuizViewModel.swift in Sources */ = {isa = PBXBuildFile; fileRef = CBBB78922D140E8D001A5FBB /* OpenQuizViewModel.swift */; };
		CBBB78952D140EAC001A5FBB /* OpenQuestions.swift in Sources */ = {isa = PBXBuildFile; fileRef = CBBB78942D140EAC001A5FBB /* OpenQuestions.swift */; };
		CBBB78972D140ECC001A5FBB /* OpenQuizView.swift in Sources */ = {isa = PBXBuildFile; fileRef = CBBB78962D140ECC001A5FBB /* OpenQuizView.swift */; };
/* End PBXBuildFile section */

/* Begin PBXFileReference section */
		CBB90B8C2D142DE40048716A /* OpenResultsView.swift */ = {isa = PBXFileReference; lastKnownFileType = sourcecode.swift; path = OpenResultsView.swift; sourceTree = "<group>"; };
		CBB90B942D1B062C0048716A /* KalpKrizi.mlmodel */ = {isa = PBXFileReference; lastKnownFileType = file.mlmodel; path = KalpKrizi.mlmodel; sourceTree = "<group>"; };
		CBB90B962D1B124D0048716A /* LandingView.swift */ = {isa = PBXFileReference; lastKnownFileType = sourcecode.swift; path = LandingView.swift; sourceTree = "<group>"; };
		CBB90B982D1B126F0048716A /* RadioButton.swift */ = {isa = PBXFileReference; lastKnownFileType = sourcecode.swift; path = RadioButton.swift; sourceTree = "<group>"; };
		CBBB78812D140DE3001A5FBB /* HealthApp.app */ = {isa = PBXFileReference; explicitFileType = wrapper.application; includeInIndex = 0; path = HealthApp.app; sourceTree = BUILT_PRODUCTS_DIR; };
		CBBB78842D140DE3001A5FBB /* HealthAppApp.swift */ = {isa = PBXFileReference; lastKnownFileType = sourcecode.swift; path = HealthAppApp.swift; sourceTree = "<group>"; };
		CBBB78882D140DE5001A5FBB /* Assets.xcassets */ = {isa = PBXFileReference; lastKnownFileType = folder.assetcatalog; path = Assets.xcassets; sourceTree = "<group>"; };
		CBBB788B2D140DE5001A5FBB /* Preview Assets.xcassets */ = {isa = PBXFileReference; lastKnownFileType = folder.assetcatalog; path = "Preview Assets.xcassets"; sourceTree = "<group>"; };
		CBBB78922D140E8D001A5FBB /* OpenQuizViewModel.swift */ = {isa = PBXFileReference; lastKnownFileType = sourcecode.swift; path = OpenQuizViewModel.swift; sourceTree = "<group>"; };
		CBBB78942D140EAC001A5FBB /* OpenQuestions.swift */ = {isa = PBXFileReference; lastKnownFileType = sourcecode.swift; path = OpenQuestions.swift; sourceTree = "<group>"; };
		CBBB78962D140ECC001A5FBB /* OpenQuizView.swift */ = {isa = PBXFileReference; lastKnownFileType = sourcecode.swift; path = OpenQuizView.swift; sourceTree = "<group>"; };
/* End PBXFileReference section */

/* Begin PBXFrameworksBuildPhase section */
		CBBB787E2D140DE3001A5FBB /* Frameworks */ = {
			isa = PBXFrameworksBuildPhase;
			buildActionMask = 2147483647;
			files = (
			);
			runOnlyForDeploymentPostprocessing = 0;
		};
/* End PBXFrameworksBuildPhase section */

/* Begin PBXGroup section */
		CBBB78782D140DE3001A5FBB = {
			isa = PBXGroup;
			children = (
				CBBB78832D140DE3001A5FBB /* HealthApp */,
				CBBB78822D140DE3001A5FBB /* Products */,
			);
			sourceTree = "<group>";
		};
		CBBB78822D140DE3001A5FBB /* Products */ = {
			isa = PBXGroup;
			children = (
				CBBB78812D140DE3001A5FBB /* HealthApp.app */,
			);
			name = Products;
			sourceTree = "<group>";
		};
		CBBB78832D140DE3001A5FBB /* HealthApp */ = {
			isa = PBXGroup;
			children = (
				CBBB78842D140DE3001A5FBB /* HealthAppApp.swift */,
				CBB90B962D1B124D0048716A /* LandingView.swift */,
				CBBB78922D140E8D001A5FBB /* OpenQuizViewModel.swift */,
				CBBB78942D140EAC001A5FBB /* OpenQuestions.swift */,
				CBB90B982D1B126F0048716A /* RadioButton.swift */,
				CBB90B8C2D142DE40048716A /* OpenResultsView.swift */,
				CBBB78962D140ECC001A5FBB /* OpenQuizView.swift */,
				CBB90B942D1B062C0048716A /* KalpKrizi.mlmodel */,
				CBBB78882D140DE5001A5FBB /* Assets.xcassets */,
				CBBB788A2D140DE5001A5FBB /* Preview Content */,
			);
			path = HealthApp;
			sourceTree = "<group>";
		};
		CBBB788A2D140DE5001A5FBB /* Preview Content */ = {
			isa = PBXGroup;
			children = (
				CBBB788B2D140DE5001A5FBB /* Preview Assets.xcassets */,
			);
			path = "Preview Content";
			sourceTree = "<group>";
		};
/* End PBXGroup section */

/* Begin PBXNativeTarget section */
		CBBB78802D140DE3001A5FBB /* HealthApp */ = {
			isa = PBXNativeTarget;
			buildConfigurationList = CBBB788F2D140DE5001A5FBB /* Build configuration list for PBXNativeTarget "HealthApp" */;
			buildPhases = (
				CBBB787D2D140DE3001A5FBB /* Sources */,
				CBBB787E2D140DE3001A5FBB /* Frameworks */,
				CBBB787F2D140DE3001A5FBB /* Resources */,
			);
			buildRules = (
			);
			dependencies = (
			);
			name = HealthApp;
			productName = HealthApp;
			productReference = CBBB78812D140DE3001A5FBB /* HealthApp.app */;
			productType = "com.apple.product-type.application";
		};
/* End PBXNativeTarget section */

/* Begin PBXProject section */
		CBBB78792D140DE3001A5FBB /* Project object */ = {
			isa = PBXProject;
			attributes = {
				BuildIndependentTargetsInParallel = 1;
				LastSwiftUpdateCheck = 1540;
				LastUpgradeCheck = 1540;
				TargetAttributes = {
					CBBB78802D140DE3001A5FBB = {
						CreatedOnToolsVersion = 15.4;
					};
				};
			};
			buildConfigurationList = CBBB787C2D140DE3001A5FBB /* Build configuration list for PBXProject "HealthApp" */;
			compatibilityVersion = "Xcode 14.0";
			developmentRegion = en;
			hasScannedForEncodings = 0;
			knownRegions = (
				en,
				Base,
			);
			mainGroup = CBBB78782D140DE3001A5FBB;
			productRefGroup = CBBB78822D140DE3001A5FBB /* Products */;
			projectDirPath = "";
			projectRoot = "";
			targets = (
				CBBB78802D140DE3001A5FBB /* HealthApp */,
			);
		};
/* End PBXProject section */

/* Begin PBXResourcesBuildPhase section */
		CBBB787F2D140DE3001A5FBB /* Resources */ = {
			isa = PBXResourcesBuildPhase;
			buildActionMask = 2147483647;
			files = (
				CBBB788C2D140DE5001A5FBB /* Preview Assets.xcassets in Resources */,
				CBBB78892D140DE5001A5FBB /* Assets.xcassets in Resources */,
			);
			runOnlyForDeploymentPostprocessing = 0;
		};
/* End PBXResourcesBuildPhase section */

/* Begin PBXSourcesBuildPhase section */
		CBBB787D2D140DE3001A5FBB /* Sources */ = {
			isa = PBXSourcesBuildPhase;
			buildActionMask = 2147483647;
			files = (
				CBBB78852D140DE3001A5FBB /* HealthAppApp.swift in Sources */,
				CBB90B8D2D142DE40048716A /* OpenResultsView.swift in Sources */,
				CBB90B972D1B124D0048716A /* LandingView.swift in Sources */,
				CBBB78932D140E8D001A5FBB /* OpenQuizViewModel.swift in Sources */,
				CBBB78952D140EAC001A5FBB /* OpenQuestions.swift in Sources */,
				CBB90B952D1B062C0048716A /* KalpKrizi.mlmodel in Sources */,
				CBBB78972D140ECC001A5FBB /* OpenQuizView.swift in Sources */,
				CBB90B992D1B12700048716A /* RadioButton.swift in Sources */,
			);
			runOnlyForDeploymentPostprocessing = 0;
		};
/* End PBXSourcesBuildPhase section */

/* Begin XCBuildConfiguration section */
		CBBB788D2D140DE5001A5FBB /* Debug */ = {
			isa = XCBuildConfiguration;
			buildSettings = {
				ALWAYS_SEARCH_USER_PATHS = NO;
				ASSETCATALOG_COMPILER_GENERATE_SWIFT_ASSET_SYMBOL_EXTENSIONS = YES;
				CLANG_ANALYZER_NONNULL = YES;
				CLANG_ANALYZER_NUMBER_OBJECT_CONVERSION = YES_AGGRESSIVE;
				CLANG_CXX_LANGUAGE_STANDARD = "gnu++20";
				CLANG_ENABLE_MODULES = YES;
				CLANG_ENABLE_OBJC_ARC = YES;
				CLANG_ENABLE_OBJC_WEAK = YES;
				CLANG_WARN_BLOCK_CAPTURE_AUTORELEASING = YES;
				CLANG_WARN_BOOL_CONVERSION = YES;
				CLANG_WARN_COMMA = YES;
				CLANG_WARN_CONSTANT_CONVERSION = YES;
				CLANG_WARN_DEPRECATED_OBJC_IMPLEMENTATIONS = YES;
				CLANG_WARN_DIRECT_OBJC_ISA_USAGE = YES_ERROR;
				CLANG_WARN_DOCUMENTATION_COMMENTS = YES;
				CLANG_WARN_EMPTY_BODY = YES;
				CLANG_WARN_ENUM_CONVERSION = YES;
				CLANG_WARN_INFINITE_RECURSION = YES;
				CLANG_WARN_INT_CONVERSION = YES;
				CLANG_WARN_NON_LITERAL_NULL_CONVERSION = YES;
				CLANG_WARN_OBJC_IMPLICIT_RETAIN_SELF = YES;
				CLANG_WARN_OBJC_LITERAL_CONVERSION = YES;
				CLANG_WARN_OBJC_ROOT_CLASS = YES_ERROR;
				CLANG_WARN_QUOTED_INCLUDE_IN_FRAMEWORK_HEADER = YES;
				CLANG_WARN_RANGE_LOOP_ANALYSIS = YES;
				CLANG_WARN_STRICT_PROTOTYPES = YES;
				CLANG_WARN_SUSPICIOUS_MOVE = YES;
				CLANG_WARN_UNGUARDED_AVAILABILITY = YES_AGGRESSIVE;
				CLANG_WARN_UNREACHABLE_CODE = YES;
				CLANG_WARN__DUPLICATE_METHOD_MATCH = YES;
				COPY_PHASE_STRIP = NO;
				DEBUG_INFORMATION_FORMAT = dwarf;
				ENABLE_STRICT_OBJC_MSGSEND = YES;
				ENABLE_TESTABILITY = YES;
				ENABLE_USER_SCRIPT_SANDBOXING = YES;
				GCC_C_LANGUAGE_STANDARD = gnu17;
				GCC_DYNAMIC_NO_PIC = NO;
				GCC_NO_COMMON_BLOCKS = YES;
				GCC_OPTIMIZATION_LEVEL = 0;
				GCC_PREPROCESSOR_DEFINITIONS = (
					"DEBUG=1",
					"$(inherited)",
				);
				GCC_WARN_64_TO_32_BIT_CONVERSION = YES;
				GCC_WARN_ABOUT_RETURN_TYPE = YES_ERROR;
				GCC_WARN_UNDECLARED_SELECTOR = YES;
				GCC_WARN_UNINITIALIZED_AUTOS = YES_AGGRESSIVE;
				GCC_WARN_UNUSED_FUNCTION = YES;
				GCC_WARN_UNUSED_VARIABLE = YES;
				IPHONEOS_DEPLOYMENT_TARGET = 17.5;
				LOCALIZATION_PREFERS_STRING_CATALOGS = YES;
				MTL_ENABLE_DEBUG_INFO = INCLUDE_SOURCE;
				MTL_FAST_MATH = YES;
				ONLY_ACTIVE_ARCH = YES;
				SDKROOT = iphoneos;
				SWIFT_ACTIVE_COMPILATION_CONDITIONS = "DEBUG $(inherited)";
				SWIFT_OPTIMIZATION_LEVEL = "-Onone";
			};
			name = Debug;
		};
		CBBB788E2D140DE5001A5FBB /* Release */ = {
			isa = XCBuildConfiguration;
			buildSettings = {
				ALWAYS_SEARCH_USER_PATHS = NO;
				ASSETCATALOG_COMPILER_GENERATE_SWIFT_ASSET_SYMBOL_EXTENSIONS = YES;
				CLANG_ANALYZER_NONNULL = YES;
				CLANG_ANALYZER_NUMBER_OBJECT_CONVERSION = YES_AGGRESSIVE;
				CLANG_CXX_LANGUAGE_STANDARD = "gnu++20";
				CLANG_ENABLE_MODULES = YES;
				CLANG_ENABLE_OBJC_ARC = YES;
				CLANG_ENABLE_OBJC_WEAK = YES;
				CLANG_WARN_BLOCK_CAPTURE_AUTORELEASING = YES;
				CLANG_WARN_BOOL_CONVERSION = YES;
				CLANG_WARN_COMMA = YES;
				CLANG_WARN_CONSTANT_CONVERSION = YES;
				CLANG_WARN_DEPRECATED_OBJC_IMPLEMENTATIONS = YES;
				CLANG_WARN_DIRECT_OBJC_ISA_USAGE = YES_ERROR;
				CLANG_WARN_DOCUMENTATION_COMMENTS = YES;
				CLANG_WARN_EMPTY_BODY = YES;
				CLANG_WARN_ENUM_CONVERSION = YES;
				CLANG_WARN_INFINITE_RECURSION = YES;
				CLANG_WARN_INT_CONVERSION = YES;
				CLANG_WARN_NON_LITERAL_NULL_CONVERSION = YES;
				CLANG_WARN_OBJC_IMPLICIT_RETAIN_SELF = YES;
				CLANG_WARN_OBJC_LITERAL_CONVERSION = YES;
				CLANG_WARN_OBJC_ROOT_CLASS = YES_ERROR;
				CLANG_WARN_QUOTED_INCLUDE_IN_FRAMEWORK_HEADER = YES;
				CLANG_WARN_RANGE_LOOP_ANALYSIS = YES;
				CLANG_WARN_STRICT_PROTOTYPES = YES;
				CLANG_WARN_SUSPICIOUS_MOVE = YES;
				CLANG_WARN_UNGUARDED_AVAILABILITY = YES_AGGRESSIVE;
				CLANG_WARN_UNREACHABLE_CODE = YES;
				CLANG_WARN__DUPLICATE_METHOD_MATCH = YES;
				COPY_PHASE_STRIP = NO;
				DEBUG_INFORMATION_FORMAT = "dwarf-with-dsym";
				ENABLE_NS_ASSERTIONS = NO;
				ENABLE_STRICT_OBJC_MSGSEND = YES;
				ENABLE_USER_SCRIPT_SANDBOXING = YES;
				GCC_C_LANGUAGE_STANDARD = gnu17;
				GCC_NO_COMMON_BLOCKS = YES;
				GCC_WARN_64_TO_32_BIT_CONVERSION = YES;
				GCC_WARN_ABOUT_RETURN_TYPE = YES_ERROR;
				GCC_WARN_UNDECLARED_SELECTOR = YES;
				GCC_WARN_UNINITIALIZED_AUTOS = YES_AGGRESSIVE;
				GCC_WARN_UNUSED_FUNCTION = YES;
				GCC_WARN_UNUSED_VARIABLE = YES;
				IPHONEOS_DEPLOYMENT_TARGET = 17.5;
				LOCALIZATION_PREFERS_STRING_CATALOGS = YES;
				MTL_ENABLE_DEBUG_INFO = NO;
				MTL_FAST_MATH = YES;
				SDKROOT = iphoneos;
				SWIFT_COMPILATION_MODE = wholemodule;
				VALIDATE_PRODUCT = YES;
			};
			name = Release;
		};
		CBBB78902D140DE5001A5FBB /* Debug */ = {
			isa = XCBuildConfiguration;
			buildSettings = {
				ASSETCATALOG_COMPILER_APPICON_NAME = AppIcon;
				ASSETCATALOG_COMPILER_GLOBAL_ACCENT_COLOR_NAME = AccentColor;
				CODE_SIGN_STYLE = Automatic;
				CURRENT_PROJECT_VERSION = 1;
				DEVELOPMENT_ASSET_PATHS = "\"HealthApp/Preview Content\"";
				DEVELOPMENT_TEAM = YW7A7R7VU2;
				ENABLE_PREVIEWS = YES;
				GENERATE_INFOPLIST_FILE = YES;
				INFOPLIST_KEY_UIApplicationSceneManifest_Generation = YES;
				INFOPLIST_KEY_UIApplicationSupportsIndirectInputEvents = YES;
				INFOPLIST_KEY_UILaunchScreen_Generation = YES;
				INFOPLIST_KEY_UISupportedInterfaceOrientations_iPad = "UIInterfaceOrientationPortrait UIInterfaceOrientationPortraitUpsideDown UIInterfaceOrientationLandscapeLeft UIInterfaceOrientationLandscapeRight";
				INFOPLIST_KEY_UISupportedInterfaceOrientations_iPhone = "UIInterfaceOrientationPortrait UIInterfaceOrientationLandscapeLeft UIInterfaceOrientationLandscapeRight";
				LD_RUNPATH_SEARCH_PATHS = (
					"$(inherited)",
					"@executable_path/Frameworks",
				);
				MARKETING_VERSION = 1.0;
				PRODUCT_BUNDLE_IDENTIFIER = com.didemakgun.HealthApp;
				PRODUCT_NAME = "$(TARGET_NAME)";
				SWIFT_EMIT_LOC_STRINGS = YES;
				SWIFT_VERSION = 5.0;
				TARGETED_DEVICE_FAMILY = "1,2";
			};
			name = Debug;
		};
		CBBB78912D140DE5001A5FBB /* Release */ = {
			isa = XCBuildConfiguration;
			buildSettings = {
				ASSETCATALOG_COMPILER_APPICON_NAME = AppIcon;
				ASSETCATALOG_COMPILER_GLOBAL_ACCENT_COLOR_NAME = AccentColor;
				CODE_SIGN_STYLE = Automatic;
				CURRENT_PROJECT_VERSION = 1;
				DEVELOPMENT_ASSET_PATHS = "\"HealthApp/Preview Content\"";
				DEVELOPMENT_TEAM = YW7A7R7VU2;
				ENABLE_PREVIEWS = YES;
				GENERATE_INFOPLIST_FILE = YES;
				INFOPLIST_KEY_UIApplicationSceneManifest_Generation = YES;
				INFOPLIST_KEY_UIApplicationSupportsIndirectInputEvents = YES;
				INFOPLIST_KEY_UILaunchScreen_Generation = YES;
				INFOPLIST_KEY_UISupportedInterfaceOrientations_iPad = "UIInterfaceOrientationPortrait UIInterfaceOrientationPortraitUpsideDown UIInterfaceOrientationLandscapeLeft UIInterfaceOrientationLandscapeRight";
				INFOPLIST_KEY_UISupportedInterfaceOrientations_iPhone = "UIInterfaceOrientationPortrait UIInterfaceOrientationLandscapeLeft UIInterfaceOrientationLandscapeRight";
				LD_RUNPATH_SEARCH_PATHS = (
					"$(inherited)",
					"@executable_path/Frameworks",
				);
				MARKETING_VERSION = 1.0;
				PRODUCT_BUNDLE_IDENTIFIER = com.didemakgun.HealthApp;
				PRODUCT_NAME = "$(TARGET_NAME)";
				SWIFT_EMIT_LOC_STRINGS = YES;
				SWIFT_VERSION = 5.0;
				TARGETED_DEVICE_FAMILY = "1,2";
			};
			name = Release;
		};
/* End XCBuildConfiguration section */

/* Begin XCConfigurationList section */
		CBBB787C2D140DE3001A5FBB /* Build configuration list for PBXProject "HealthApp" */ = {
			isa = XCConfigurationList;
			buildConfigurations = (
				CBBB788D2D140DE5001A5FBB /* Debug */,
				CBBB788E2D140DE5001A5FBB /* Release */,
			);
			defaultConfigurationIsVisible = 0;
			defaultConfigurationName = Release;
		};
		CBBB788F2D140DE5001A5FBB /* Build configuration list for PBXNativeTarget "HealthApp" */ = {
			isa = XCConfigurationList;
			buildConfigurations = (
				CBBB78902D140DE5001A5FBB /* Debug */,
				CBBB78912D140DE5001A5FBB /* Release */,
			);
			defaultConfigurationIsVisible = 0;
			defaultConfigurationName = Release;
		};
/* End XCConfigurationList section */
	};
	rootObject = CBBB78792D140DE3001A5FBB /* Project object */;
}
